Microsoft Visual Studio Solution File, Format Version 12.00
# Visual Studio Version 17
VisualStudioVersion = 17.5.2.0
MinimumVisualStudioVersion = 10.0.40219.1
Project("{2150E333-8FDC-42A3-9474-1A3956D46DE8}") = "bridge", "bridge", "{68BF4094-9419-05A7-776B-98D5B493D877}"
EndProject
Project("{FAE04EC0-301F-11D3-BF4B-00C04F79EFBC}") = "SteamRichPresenceBridge", "bridge\SteamRichPresenceBridge.csproj", "{91C15503-D983-2602-794A-2EFB4407A86E}"
EndProject
Global
	GlobalSection(SolutionConfigurationPlatforms) = preSolution
		Debug|Any CPU = Debug|Any CPU
		Release|Any CPU = Release|Any CPU
	EndGlobalSection
	GlobalSection(ProjectConfigurationPlatforms) = postSolution
		{91C15503-D983-2602-794A-2EFB4407A86E}.Debug|Any CPU.ActiveCfg = Debug|Any CPU
		{91C15503-D983-2602-794A-2EFB4407A86E}.Debug|Any CPU.Build.0 = Debug|Any CPU
		{91C15503-D983-2602-794A-2EFB4407A86E}.Release|Any CPU.ActiveCfg = Release|Any CPU
		{91C15503-D983-2602-794A-2EFB4407A86E}.Release|Any CPU.Build.0 = Release|Any CPU
	EndGlobalSection
	GlobalSection(SolutionProperties) = preSolution
		HideSolutionNode = FALSE
	EndGlobalSection
	GlobalSection(NestedProjects) = preSolution
		{91C15503-D983-2602-794A-2EFB4407A86E} = {68BF4094-9419-05A7-776B-98D5B493D877}
	EndGlobalSection
	GlobalSection(ExtensibilityGlobals) = postSolution
		SolutionGuid = {2396CF89-E9EF-4DF3-952B-290030DB387F}
	EndGlobalSection
EndGlobal
